<?xml version="1.0" encoding="utf-8"?>
<Project ToolsVersion="4.0" xmlns="http://schemas.microsoft.com/developer/msbuild/2003">
  <ItemGroup>
    <Filter Include="헤더 파일">
      <UniqueIdentifier>{93995380-89BD-4b04-88EB-625FBE52EBFB}</UniqueIdentifier>
      <Extensions>h;hh;hpp;hxx;hm;inl;inc;xsd</Extensions>
    </Filter>
    <Filter Include="Scens">
      <UniqueIdentifier>{5c36ba14-a58d-4db7-a347-eaadfed5183e}</UniqueIdentifier>
    </Filter>
    <Filter Include="Scens\GameScene">
      <UniqueIdentifier>{220565a7-2656-4704-b7fa-f3ab0f98a5ba}</UniqueIdentifier>
    </Filter>
    <Filter Include="Object">
      <UniqueIdentifier>{67DA6AB6-F800-4c08-8B7A-83BB121AAD01}</UniqueIdentifier>
      <Extensions>rc;ico;cur;bmp;dlg;rc2;rct;bin;rgs;gif;jpg;jpeg;jpe;resx;tiff;tif;png;wav;mfcribbon-ms</Extensions>
    </Filter>
    <Filter Include="Object\Player">
      <UniqueIdentifier>{2c683f4f-a842-4a08-a772-9e1637b69e7d}</UniqueIdentifier>
    </Filter>
  </ItemGroup>
  <ItemGroup>
    <ClCompile Include="GameScene.cpp">
      <Filter>Scens\GameScene</Filter>
    </ClCompile>
    <ClCompile Include="stdafx.cpp" />
    <ClCompile Include="WinMain.cpp" />
    <ClCompile Include="PlayerCharacter.cpp">
      <Filter>Object\Player</Filter>
    </ClCompile>
  </ItemGroup>
  <ItemGroup>
    <ClInclude Include="stdafx.h">
      <Filter>헤더 파일</Filter>
    </ClInclude>
    <ClInclude Include="GameScene.h">
      <Filter>Scens\GameScene</Filter>
    </ClInclude>
    <ClInclude Include="PlayerCharacter.h">
      <Filter>Object\Player</Filter>
    </ClInclude>
  </ItemGroup>
</Project>